
Microsoft Visual Studio Solution File, Format Version 12.00
# Visual Studio Version 17
VisualStudioVersion = 17.0.32014.148
MinimumVisualStudioVersion = 10.0.40219.1
Project("{FAE04EC0-301F-11D3-BF4B-00C04F79EFBC}") = "Technical_Assessment_JobNimbus", "Technical_Assessment_JobNimbus\Technical_Assessment_JobNimbus.csproj", "{F6AF14A9-B6CC-4D30-978B-24A263287CF8}"
EndProject
Project("{FAE04EC0-301F-11D3-BF4B-00C04F79EFBC}") = "Technical_Assessment_JobNimbus_UnitTests", "Technical_Assessment_JobNimbus_UnitTests\Technical_Assessment_JobNimbus_UnitTests.csproj", "{1D34008A-98C3-474A-9452-B449933D7A50}"
EndProject
Global
	GlobalSection(SolutionConfigurationPlatforms) = preSolution
		Debug|Any CPU = Debug|Any CPU
		Release|Any CPU = Release|Any CPU
	EndGlobalSection
	GlobalSection(ProjectConfigurationPlatforms) = postSolution
		{F6AF14A9-B6CC-4D30-978B-24A263287CF8}.Debug|Any CPU.ActiveCfg = Debug|Any CPU
		{F6AF14A9-B6CC-4D30-978B-24A263287CF8}.Debug|Any CPU.Build.0 = Debug|Any CPU
		{F6AF14A9-B6CC-4D30-978B-24A263287CF8}.Release|Any CPU.ActiveCfg = Release|Any CPU
		{F6AF14A9-B6CC-4D30-978B-24A263287CF8}.Release|Any CPU.Build.0 = Release|Any CPU
		{1D34008A-98C3-474A-9452-B449933D7A50}.Debug|Any CPU.ActiveCfg = Debug|Any CPU
		{1D34008A-98C3-474A-9452-B449933D7A50}.Debug|Any CPU.Build.0 = Debug|Any CPU
		{1D34008A-98C3-474A-9452-B449933D7A50}.Release|Any CPU.ActiveCfg = Release|Any CPU
		{1D34008A-98C3-474A-9452-B449933D7A50}.Release|Any CPU.Build.0 = Release|Any CPU
	EndGlobalSection
	GlobalSection(SolutionProperties) = preSolution
		HideSolutionNode = FALSE
	EndGlobalSection
	GlobalSection(ExtensibilityGlobals) = postSolution
		SolutionGuid = {F39681B8-5E31-4823-9126-A51082168849}
	EndGlobalSection
EndGlobal
